// !$*UTF8*$!
{
	archiveVersion = 1;
	classes = {
	};
	objectVersion = 55;
	objects = {

/* Begin PBXBuildFile section */
		00585ECD28FF03F300BD3D6C /* AvatarView.swift in Sources */ = {isa = PBXBuildFile; fileRef = 00585ECC28FF03F300BD3D6C /* AvatarView.swift */; };
		00585ECF28FF217C00BD3D6C /* Address.swift in Sources */ = {isa = PBXBuildFile; fileRef = 00585ECE28FF217C00BD3D6C /* Address.swift */; };
		00585ED128FF25B700BD3D6C /* Coin.swift in Sources */ = {isa = PBXBuildFile; fileRef = 00585ED028FF25B700BD3D6C /* Coin.swift */; };
		00585ED528FFA9EE00BD3D6C /* CircularView.swift in Sources */ = {isa = PBXBuildFile; fileRef = 00585ED428FFA9EE00BD3D6C /* CircularView.swift */; };
		00585ED728FFAD7500BD3D6C /* CourseSection.swift in Sources */ = {isa = PBXBuildFile; fileRef = 00585ED628FFAD7500BD3D6C /* CourseSection.swift */; };
		00585ED929003A7100BD3D6C /* SectionRow.swift in Sources */ = {isa = PBXBuildFile; fileRef = 00585ED829003A7100BD3D6C /* SectionRow.swift */; };
		00585EDB2900460D00BD3D6C /* SectionView.swift in Sources */ = {isa = PBXBuildFile; fileRef = 00585EDA2900460D00BD3D6C /* SectionView.swift */; };
		00585EDD2900525100BD3D6C /* PlayView.swift in Sources */ = {isa = PBXBuildFile; fileRef = 00585EDC2900525100BD3D6C /* PlayView.swift */; };
		007AC1BA28E1F7E600F1A8E5 /* SwiftUIPractice1App.swift in Sources */ = {isa = PBXBuildFile; fileRef = 007AC1B928E1F7E600F1A8E5 /* SwiftUIPractice1App.swift */; };
		007AC1BE28E1F7E700F1A8E5 /* Assets.xcassets in Resources */ = {isa = PBXBuildFile; fileRef = 007AC1BD28E1F7E700F1A8E5 /* Assets.xcassets */; };
		007AC1C128E1F7E700F1A8E5 /* Preview Assets.xcassets in Resources */ = {isa = PBXBuildFile; fileRef = 007AC1C028E1F7E700F1A8E5 /* Preview Assets.xcassets */; };
		007AC1C828E2089C00F1A8E5 /* ContentView.swift in Sources */ = {isa = PBXBuildFile; fileRef = 007AC1C728E2089C00F1A8E5 /* ContentView.swift */; };
		007AC1CA28E2273B00F1A8E5 /* Styles.swift in Sources */ = {isa = PBXBuildFile; fileRef = 007AC1C928E2273B00F1A8E5 /* Styles.swift */; };
		007AC1CC28E2A3A100F1A8E5 /* AccountView.swift in Sources */ = {isa = PBXBuildFile; fileRef = 007AC1CB28E2A3A100F1A8E5 /* AccountView.swift */; };
		007AC1CE28E34EBC00F1A8E5 /* HexagonView.swift in Sources */ = {isa = PBXBuildFile; fileRef = 007AC1CD28E34EBC00F1A8E5 /* HexagonView.swift */; };
		007AC1D028E35F6D00F1A8E5 /* BlobView.swift in Sources */ = {isa = PBXBuildFile; fileRef = 007AC1CF28E35F6D00F1A8E5 /* BlobView.swift */; };
		007AC1D228E3741A00F1A8E5 /* TabBar.swift in Sources */ = {isa = PBXBuildFile; fileRef = 007AC1D128E3741A00F1A8E5 /* TabBar.swift */; };
		007AC1D628E4B8D700F1A8E5 /* HomeView.swift in Sources */ = {isa = PBXBuildFile; fileRef = 007AC1D528E4B8D700F1A8E5 /* HomeView.swift */; };
		00CF92A728EDD19B002CE4A8 /* FeaturedItem.swift in Sources */ = {isa = PBXBuildFile; fileRef = 00CF92A628EDD19B002CE4A8 /* FeaturedItem.swift */; };
		00CF92A928EDD3A0002CE4A8 /* NavigationBar.swift in Sources */ = {isa = PBXBuildFile; fileRef = 00CF92A828EDD3A0002CE4A8 /* NavigationBar.swift */; };
		00CF92AD28EDFB64002CE4A8 /* AnimatableFontModifier.swift in Sources */ = {isa = PBXBuildFile; fileRef = 00CF92AC28EDFB64002CE4A8 /* AnimatableFontModifier.swift */; };
		00CF92B328F09272002CE4A8 /* CourseItem.swift in Sources */ = {isa = PBXBuildFile; fileRef = 00CF92B228F09272002CE4A8 /* CourseItem.swift */; };
		00CF92B528F093C7002CE4A8 /* CourseView.swift in Sources */ = {isa = PBXBuildFile; fileRef = 00CF92B428F093C7002CE4A8 /* CourseView.swift */; };
		00CF92BA28F5B367002CE4A8 /* Animations.swift in Sources */ = {isa = PBXBuildFile; fileRef = 00CF92B928F5B367002CE4A8 /* Animations.swift */; };
		00CF92BE28F71614002CE4A8 /* SearchView.swift in Sources */ = {isa = PBXBuildFile; fileRef = 00CF92BD28F71614002CE4A8 /* SearchView.swift */; };
		00CF92C228F73AD9002CE4A8 /* SignUpView.swift in Sources */ = {isa = PBXBuildFile; fileRef = 00CF92C128F73AD9002CE4A8 /* SignUpView.swift */; };
		00CF92C428F7B5A1002CE4A8 /* AngularButtonStyle.swift in Sources */ = {isa = PBXBuildFile; fileRef = 00CF92C328F7B5A1002CE4A8 /* AngularButtonStyle.swift */; };
		00CF92C628F858FA002CE4A8 /* InputStyle.swift in Sources */ = {isa = PBXBuildFile; fileRef = 00CF92C528F858FA002CE4A8 /* InputStyle.swift */; };
		00CF92C828F864F3002CE4A8 /* ModalView.swift in Sources */ = {isa = PBXBuildFile; fileRef = 00CF92C728F864F3002CE4A8 /* ModalView.swift */; };
		00CF92CA28F865E1002CE4A8 /* SignInView.swift in Sources */ = {isa = PBXBuildFile; fileRef = 00CF92C928F865E1002CE4A8 /* SignInView.swift */; };
		00CF931728F88DB1002CE4A8 /* Model.swift in Sources */ = {isa = PBXBuildFile; fileRef = 00CF931228F88DB1002CE4A8 /* Model.swift */; };
		00CF931828F88DB1002CE4A8 /* Suggestion.swift in Sources */ = {isa = PBXBuildFile; fileRef = 00CF931328F88DB1002CE4A8 /* Suggestion.swift */; };
		00CF931928F88DB1002CE4A8 /* PreferenceKeys.swift in Sources */ = {isa = PBXBuildFile; fileRef = 00CF931428F88DB1002CE4A8 /* PreferenceKeys.swift */; };
		00CF931A28F88DB1002CE4A8 /* Course.swift in Sources */ = {isa = PBXBuildFile; fileRef = 00CF931528F88DB1002CE4A8 /* Course.swift */; };
		00CF931B28F88DB1002CE4A8 /* Tab.swift in Sources */ = {isa = PBXBuildFile; fileRef = 00CF931628F88DB1002CE4A8 /* Tab.swift */; };
		00F2C7D3290061C800F43A45 /* ExploreView.swift in Sources */ = {isa = PBXBuildFile; fileRef = 00F2C7D2290061C800F43A45 /* ExploreView.swift */; };
		00F2C7D5290062B700F43A45 /* SmallCourseItem.swift in Sources */ = {isa = PBXBuildFile; fileRef = 00F2C7D4290062B700F43A45 /* SmallCourseItem.swift */; };
		00F2C7D729006C4F00F43A45 /* Handbook.swift in Sources */ = {isa = PBXBuildFile; fileRef = 00F2C7D629006C4F00F43A45 /* Handbook.swift */; };
		00F2C7D929006C9200F43A45 /* HandbookItem.swift in Sources */ = {isa = PBXBuildFile; fileRef = 00F2C7D829006C9200F43A45 /* HandbookItem.swift */; };
		00F2C7DB2900756700F43A45 /* Topic.swift in Sources */ = {isa = PBXBuildFile; fileRef = 00F2C7DA2900756700F43A45 /* Topic.swift */; };
		00F2C7DD290075A100F43A45 /* ListRow.swift in Sources */ = {isa = PBXBuildFile; fileRef = 00F2C7DC290075A100F43A45 /* ListRow.swift */; };
		00F2C7E52901050B00F43A45 /* NotificationView.swift in Sources */ = {isa = PBXBuildFile; fileRef = 00F2C7E42901050B00F43A45 /* NotificationView.swift */; };
		00F2C7E7290106E100F43A45 /* LibraryView.swift in Sources */ = {isa = PBXBuildFile; fileRef = 00F2C7E6290106E100F43A45 /* LibraryView.swift */; };
		00F2C7E92901079900F43A45 /* CertificateView.swift in Sources */ = {isa = PBXBuildFile; fileRef = 00F2C7E82901079900F43A45 /* CertificateView.swift */; };
/* End PBXBuildFile section */

/* Begin PBXFileReference section */
		00585EC428FB3F5C00BD3D6C /* Info.plist */ = {isa = PBXFileReference; lastKnownFileType = text.plist; path = Info.plist; sourceTree = "<group>"; };
		00585ECC28FF03F300BD3D6C /* AvatarView.swift */ = {isa = PBXFileReference; lastKnownFileType = sourcecode.swift; path = AvatarView.swift; sourceTree = "<group>"; };
		00585ECE28FF217C00BD3D6C /* Address.swift */ = {isa = PBXFileReference; lastKnownFileType = sourcecode.swift; path = Address.swift; sourceTree = "<group>"; };
		00585ED028FF25B700BD3D6C /* Coin.swift */ = {isa = PBXFileReference; lastKnownFileType = sourcecode.swift; path = Coin.swift; sourceTree = "<group>"; };
		00585ED428FFA9EE00BD3D6C /* CircularView.swift */ = {isa = PBXFileReference; lastKnownFileType = sourcecode.swift; path = CircularView.swift; sourceTree = "<group>"; };
		00585ED628FFAD7500BD3D6C /* CourseSection.swift */ = {isa = PBXFileReference; lastKnownFileType = sourcecode.swift; path = CourseSection.swift; sourceTree = "<group>"; };
		00585ED829003A7100BD3D6C /* SectionRow.swift */ = {isa = PBXFileReference; lastKnownFileType = sourcecode.swift; path = SectionRow.swift; sourceTree = "<group>"; };
		00585EDA2900460D00BD3D6C /* SectionView.swift */ = {isa = PBXFileReference; lastKnownFileType = sourcecode.swift; path = SectionView.swift; sourceTree = "<group>"; };
		00585EDC2900525100BD3D6C /* PlayView.swift */ = {isa = PBXFileReference; lastKnownFileType = sourcecode.swift; path = PlayView.swift; sourceTree = "<group>"; };
		007AC1B628E1F7E600F1A8E5 /* SwiftUIPractice1.app */ = {isa = PBXFileReference; explicitFileType = wrapper.application; includeInIndex = 0; path = SwiftUIPractice1.app; sourceTree = BUILT_PRODUCTS_DIR; };
		007AC1B928E1F7E600F1A8E5 /* SwiftUIPractice1App.swift */ = {isa = PBXFileReference; lastKnownFileType = sourcecode.swift; path = SwiftUIPractice1App.swift; sourceTree = "<group>"; };
		007AC1BD28E1F7E700F1A8E5 /* Assets.xcassets */ = {isa = PBXFileReference; lastKnownFileType = folder.assetcatalog; path = Assets.xcassets; sourceTree = "<group>"; };
		007AC1C028E1F7E700F1A8E5 /* Preview Assets.xcassets */ = {isa = PBXFileReference; lastKnownFileType = folder.assetcatalog; path = "Preview Assets.xcassets"; sourceTree = "<group>"; };
		007AC1C728E2089C00F1A8E5 /* ContentView.swift */ = {isa = PBXFileReference; lastKnownFileType = sourcecode.swift; path = ContentView.swift; sourceTree = "<group>"; };
		007AC1C928E2273B00F1A8E5 /* Styles.swift */ = {isa = PBXFileReference; lastKnownFileType = sourcecode.swift; path = Styles.swift; sourceTree = "<group>"; };
		007AC1CB28E2A3A100F1A8E5 /* AccountView.swift */ = {isa = PBXFileReference; lastKnownFileType = sourcecode.swift; path = AccountView.swift; sourceTree = "<group>"; };
		007AC1CD28E34EBC00F1A8E5 /* HexagonView.swift */ = {isa = PBXFileReference; lastKnownFileType = sourcecode.swift; path = HexagonView.swift; sourceTree = "<group>"; };
		007AC1CF28E35F6D00F1A8E5 /* BlobView.swift */ = {isa = PBXFileReference; lastKnownFileType = sourcecode.swift; path = BlobView.swift; sourceTree = "<group>"; };
		007AC1D128E3741A00F1A8E5 /* TabBar.swift */ = {isa = PBXFileReference; lastKnownFileType = sourcecode.swift; path = TabBar.swift; sourceTree = "<group>"; };
		007AC1D528E4B8D700F1A8E5 /* HomeView.swift */ = {isa = PBXFileReference; lastKnownFileType = sourcecode.swift; path = HomeView.swift; sourceTree = "<group>"; };
		00CF92A628EDD19B002CE4A8 /* FeaturedItem.swift */ = {isa = PBXFileReference; lastKnownFileType = sourcecode.swift; path = FeaturedItem.swift; sourceTree = "<group>"; };
		00CF92A828EDD3A0002CE4A8 /* NavigationBar.swift */ = {isa = PBXFileReference; lastKnownFileType = sourcecode.swift; path = NavigationBar.swift; sourceTree = "<group>"; };
		00CF92AC28EDFB64002CE4A8 /* AnimatableFontModifier.swift */ = {isa = PBXFileReference; lastKnownFileType = sourcecode.swift; path = AnimatableFontModifier.swift; sourceTree = "<group>"; };
		00CF92B228F09272002CE4A8 /* CourseItem.swift */ = {isa = PBXFileReference; lastKnownFileType = sourcecode.swift; path = CourseItem.swift; sourceTree = "<group>"; };
		00CF92B428F093C7002CE4A8 /* CourseView.swift */ = {isa = PBXFileReference; lastKnownFileType = sourcecode.swift; path = CourseView.swift; sourceTree = "<group>"; };
		00CF92B928F5B367002CE4A8 /* Animations.swift */ = {isa = PBXFileReference; lastKnownFileType = sourcecode.swift; path = Animations.swift; sourceTree = "<group>"; };
		00CF92BD28F71614002CE4A8 /* SearchView.swift */ = {isa = PBXFileReference; lastKnownFileType = sourcecode.swift; path = SearchView.swift; sourceTree = "<group>"; };
		00CF92C128F73AD9002CE4A8 /* SignUpView.swift */ = {isa = PBXFileReference; lastKnownFileType = sourcecode.swift; path = SignUpView.swift; sourceTree = "<group>"; };
		00CF92C328F7B5A1002CE4A8 /* AngularButtonStyle.swift */ = {isa = PBXFileReference; lastKnownFileType = sourcecode.swift; path = AngularButtonStyle.swift; sourceTree = "<group>"; };
		00CF92C528F858FA002CE4A8 /* InputStyle.swift */ = {isa = PBXFileReference; lastKnownFileType = sourcecode.swift; path = InputStyle.swift; sourceTree = "<group>"; };
		00CF92C728F864F3002CE4A8 /* ModalView.swift */ = {isa = PBXFileReference; lastKnownFileType = sourcecode.swift; path = ModalView.swift; sourceTree = "<group>"; };
		00CF92C928F865E1002CE4A8 /* SignInView.swift */ = {isa = PBXFileReference; lastKnownFileType = sourcecode.swift; path = SignInView.swift; sourceTree = "<group>"; };
		00CF931228F88DB1002CE4A8 /* Model.swift */ = {isa = PBXFileReference; fileEncoding = 4; lastKnownFileType = sourcecode.swift; path = Model.swift; sourceTree = "<group>"; };
		00CF931328F88DB1002CE4A8 /* Suggestion.swift */ = {isa = PBXFileReference; fileEncoding = 4; lastKnownFileType = sourcecode.swift; path = Suggestion.swift; sourceTree = "<group>"; };
		00CF931428F88DB1002CE4A8 /* PreferenceKeys.swift */ = {isa = PBXFileReference; fileEncoding = 4; lastKnownFileType = sourcecode.swift; path = PreferenceKeys.swift; sourceTree = "<group>"; };
		00CF931528F88DB1002CE4A8 /* Course.swift */ = {isa = PBXFileReference; fileEncoding = 4; lastKnownFileType = sourcecode.swift; path = Course.swift; sourceTree = "<group>"; };
		00CF931628F88DB1002CE4A8 /* Tab.swift */ = {isa = PBXFileReference; fileEncoding = 4; lastKnownFileType = sourcecode.swift; path = Tab.swift; sourceTree = "<group>"; };
		00F2C7D2290061C800F43A45 /* ExploreView.swift */ = {isa = PBXFileReference; lastKnownFileType = sourcecode.swift; path = ExploreView.swift; sourceTree = "<group>"; };
		00F2C7D4290062B700F43A45 /* SmallCourseItem.swift */ = {isa = PBXFileReference; lastKnownFileType = sourcecode.swift; path = SmallCourseItem.swift; sourceTree = "<group>"; };
		00F2C7D629006C4F00F43A45 /* Handbook.swift */ = {isa = PBXFileReference; lastKnownFileType = sourcecode.swift; path = Handbook.swift; sourceTree = "<group>"; };
		00F2C7D829006C9200F43A45 /* HandbookItem.swift */ = {isa = PBXFileReference; lastKnownFileType = sourcecode.swift; path = HandbookItem.swift; sourceTree = "<group>"; };
		00F2C7DA2900756700F43A45 /* Topic.swift */ = {isa = PBXFileReference; lastKnownFileType = sourcecode.swift; path = Topic.swift; sourceTree = "<group>"; };
		00F2C7DC290075A100F43A45 /* ListRow.swift */ = {isa = PBXFileReference; lastKnownFileType = sourcecode.swift; path = ListRow.swift; sourceTree = "<group>"; };
		00F2C7E42901050B00F43A45 /* NotificationView.swift */ = {isa = PBXFileReference; lastKnownFileType = sourcecode.swift; path = NotificationView.swift; sourceTree = "<group>"; };
		00F2C7E6290106E100F43A45 /* LibraryView.swift */ = {isa = PBXFileReference; lastKnownFileType = sourcecode.swift; path = LibraryView.swift; sourceTree = "<group>"; };
		00F2C7E82901079900F43A45 /* CertificateView.swift */ = {isa = PBXFileReference; lastKnownFileType = sourcecode.swift; path = CertificateView.swift; sourceTree = "<group>"; };
/* End PBXFileReference section */

/* Begin PBXFrameworksBuildPhase section */
		007AC1B328E1F7E600F1A8E5 /* Frameworks */ = {
			isa = PBXFrameworksBuildPhase;
			buildActionMask = 2147483647;
			files = (
			);
			runOnlyForDeploymentPostprocessing = 0;
		};
/* End PBXFrameworksBuildPhase section */

/* Begin PBXGroup section */
		007AC1AD28E1F7E600F1A8E5 = {
			isa = PBXGroup;
			children = (
				007AC1B828E1F7E600F1A8E5 /* SwiftUIPractice1 */,
				007AC1B728E1F7E600F1A8E5 /* Products */,
			);
			sourceTree = "<group>";
		};
		007AC1B728E1F7E600F1A8E5 /* Products */ = {
			isa = PBXGroup;
			children = (
				007AC1B628E1F7E600F1A8E5 /* SwiftUIPractice1.app */,
			);
			name = Products;
			sourceTree = "<group>";
		};
		007AC1B828E1F7E600F1A8E5 /* SwiftUIPractice1 */ = {
			isa = PBXGroup;
			children = (
				00585EC428FB3F5C00BD3D6C /* Info.plist */,
				007AC1B928E1F7E600F1A8E5 /* SwiftUIPractice1App.swift */,
				007AC1D728E4BD0700F1A8E5 /* Navigation */,
				007AC1D828E4BD3700F1A8E5 /* Views */,
				00CF931128F88DB1002CE4A8 /* Model */,
				007AC1D928E4BD7700F1A8E5 /* Components */,
				007AC1DB28E4BDCE00F1A8E5 /* Styles */,
				007AC1BD28E1F7E700F1A8E5 /* Assets.xcassets */,
				007AC1BF28E1F7E700F1A8E5 /* Preview Content */,
			);
			path = SwiftUIPractice1;
			sourceTree = "<group>";
		};
		007AC1BF28E1F7E700F1A8E5 /* Preview Content */ = {
			isa = PBXGroup;
			children = (
				007AC1C028E1F7E700F1A8E5 /* Preview Assets.xcassets */,
			);
			path = "Preview Content";
			sourceTree = "<group>";
		};
		007AC1D728E4BD0700F1A8E5 /* Navigation */ = {
			isa = PBXGroup;
			children = (
				007AC1C728E2089C00F1A8E5 /* ContentView.swift */,
				007AC1D128E3741A00F1A8E5 /* TabBar.swift */,
				00CF92A828EDD3A0002CE4A8 /* NavigationBar.swift */,
			);
			path = Navigation;
			sourceTree = "<group>";
		};
		007AC1D828E4BD3700F1A8E5 /* Views */ = {
			isa = PBXGroup;
			children = (
				00F2C7DE2900F6B800F43A45 /* Main */,
				00F2C7E02900F6FC00F43A45 /* Detail */,
				00F2C7DF2900F6F100F43A45 /* Sheet */,
				00CF92CB28F8753C002CE4A8 /* Modals */,
			);
			path = Views;
			sourceTree = "<group>";
		};
		007AC1D928E4BD7700F1A8E5 /* Components */ = {
			isa = PBXGroup;
			children = (
				00F2C7E12900F77000F43A45 /* Items */,
				00F2C7E22900F79100F43A45 /* Buttons */,
				00F2C7E32900F7AA00F43A45 /* Graphics */,
			);
			path = Components;
			sourceTree = "<group>";
		};
		007AC1DB28E4BDCE00F1A8E5 /* Styles */ = {
			isa = PBXGroup;
			children = (
				007AC1C928E2273B00F1A8E5 /* Styles.swift */,
				00CF92AC28EDFB64002CE4A8 /* AnimatableFontModifier.swift */,
				00CF92B928F5B367002CE4A8 /* Animations.swift */,
				00CF92C328F7B5A1002CE4A8 /* AngularButtonStyle.swift */,
				00CF92C528F858FA002CE4A8 /* InputStyle.swift */,
			);
			path = Styles;
			sourceTree = "<group>";
		};
		00CF92CB28F8753C002CE4A8 /* Modals */ = {
			isa = PBXGroup;
			children = (
				00CF92C128F73AD9002CE4A8 /* SignUpView.swift */,
				00CF92C928F865E1002CE4A8 /* SignInView.swift */,
				00CF92C728F864F3002CE4A8 /* ModalView.swift */,
			);
			path = Modals;
			sourceTree = "<group>";
		};
		00CF931128F88DB1002CE4A8 /* Model */ = {
			isa = PBXGroup;
			children = (
				00CF931228F88DB1002CE4A8 /* Model.swift */,
				00CF931328F88DB1002CE4A8 /* Suggestion.swift */,
				00CF931428F88DB1002CE4A8 /* PreferenceKeys.swift */,
				00CF931528F88DB1002CE4A8 /* Course.swift */,
				00CF931628F88DB1002CE4A8 /* Tab.swift */,
				00585ECE28FF217C00BD3D6C /* Address.swift */,
				00585ED028FF25B700BD3D6C /* Coin.swift */,
				00585ED628FFAD7500BD3D6C /* CourseSection.swift */,
				00F2C7D629006C4F00F43A45 /* Handbook.swift */,
				00F2C7DA2900756700F43A45 /* Topic.swift */,
			);
			path = Model;
			sourceTree = "<group>";
		};
		00F2C7DE2900F6B800F43A45 /* Main */ = {
			isa = PBXGroup;
			children = (
				007AC1D528E4B8D700F1A8E5 /* HomeView.swift */,
				00F2C7E42901050B00F43A45 /* NotificationView.swift */,
				00F2C7D2290061C800F43A45 /* ExploreView.swift */,
				00F2C7E6290106E100F43A45 /* LibraryView.swift */,
			);
			path = Main;
			sourceTree = "<group>";
		};
		00F2C7DF2900F6F100F43A45 /* Sheet */ = {
			isa = PBXGroup;
			children = (
				007AC1CB28E2A3A100F1A8E5 /* AccountView.swift */,
				00CF92BD28F71614002CE4A8 /* SearchView.swift */,
			);
			path = Sheet;
			sourceTree = "<group>";
		};
		00F2C7E02900F6FC00F43A45 /* Detail */ = {
			isa = PBXGroup;
			children = (
				00CF92B428F093C7002CE4A8 /* CourseView.swift */,
				00585EDA2900460D00BD3D6C /* SectionView.swift */,
			);
			path = Detail;
			sourceTree = "<group>";
		};
		00F2C7E12900F77000F43A45 /* Items */ = {
			isa = PBXGroup;
			children = (
				00CF92A628EDD19B002CE4A8 /* FeaturedItem.swift */,
				00CF92B228F09272002CE4A8 /* CourseItem.swift */,
				00585ED829003A7100BD3D6C /* SectionRow.swift */,
				00F2C7D4290062B700F43A45 /* SmallCourseItem.swift */,
				00F2C7D829006C9200F43A45 /* HandbookItem.swift */,
				00F2C7DC290075A100F43A45 /* ListRow.swift */,
				00F2C7E82901079900F43A45 /* CertificateView.swift */,
			);
			path = Items;
			sourceTree = "<group>";
		};
		00F2C7E22900F79100F43A45 /* Buttons */ = {
			isa = PBXGroup;
			children = (
				00585ECC28FF03F300BD3D6C /* AvatarView.swift */,
				00585EDC2900525100BD3D6C /* PlayView.swift */,
			);
			path = Buttons;
			sourceTree = "<group>";
		};
		00F2C7E32900F7AA00F43A45 /* Graphics */ = {
			isa = PBXGroup;
			children = (
				007AC1CD28E34EBC00F1A8E5 /* HexagonView.swift */,
				00585ED428FFA9EE00BD3D6C /* CircularView.swift */,
				007AC1CF28E35F6D00F1A8E5 /* BlobView.swift */,
			);
			path = Graphics;
			sourceTree = "<group>";
		};
/* End PBXGroup section */

/* Begin PBXNativeTarget section */
		007AC1B528E1F7E600F1A8E5 /* SwiftUIPractice1 */ = {
			isa = PBXNativeTarget;
			buildConfigurationList = 007AC1C428E1F7E700F1A8E5 /* Build configuration list for PBXNativeTarget "SwiftUIPractice1" */;
			buildPhases = (
				007AC1DC28E5337400F1A8E5 /* ShellScript */,
				007AC1B228E1F7E600F1A8E5 /* Sources */,
				007AC1B328E1F7E600F1A8E5 /* Frameworks */,
				007AC1B428E1F7E600F1A8E5 /* Resources */,
			);
			buildRules = (
			);
			dependencies = (
			);
			name = SwiftUIPractice1;
			productName = SwiftUIPractice1;
			productReference = 007AC1B628E1F7E600F1A8E5 /* SwiftUIPractice1.app */;
			productType = "com.apple.product-type.application";
		};
/* End PBXNativeTarget section */

/* Begin PBXProject section */
		007AC1AE28E1F7E600F1A8E5 /* Project object */ = {
			isa = PBXProject;
			attributes = {
				BuildIndependentTargetsInParallel = 1;
				LastSwiftUpdateCheck = 1340;
				LastUpgradeCheck = 1340;
				TargetAttributes = {
					007AC1B528E1F7E600F1A8E5 = {
						CreatedOnToolsVersion = 13.4.1;
					};
				};
			};
			buildConfigurationList = 007AC1B128E1F7E600F1A8E5 /* Build configuration list for PBXProject "SwiftUIPractice1" */;
			compatibilityVersion = "Xcode 13.0";
			developmentRegion = en;
			hasScannedForEncodings = 0;
			knownRegions = (
				en,
				Base,
			);
			mainGroup = 007AC1AD28E1F7E600F1A8E5;
			productRefGroup = 007AC1B728E1F7E600F1A8E5 /* Products */;
			projectDirPath = "";
			projectRoot = "";
			targets = (
				007AC1B528E1F7E600F1A8E5 /* SwiftUIPractice1 */,
			);
		};
/* End PBXProject section */

/* Begin PBXResourcesBuildPhase section */
		007AC1B428E1F7E600F1A8E5 /* Resources */ = {
			isa = PBXResourcesBuildPhase;
			buildActionMask = 2147483647;
			files = (
				007AC1C128E1F7E700F1A8E5 /* Preview Assets.xcassets in Resources */,
				007AC1BE28E1F7E700F1A8E5 /* Assets.xcassets in Resources */,
			);
			runOnlyForDeploymentPostprocessing = 0;
		};
/* End PBXResourcesBuildPhase section */

/* Begin PBXShellScriptBuildPhase section */
		007AC1DC28E5337400F1A8E5 /* ShellScript */ = {
			isa = PBXShellScriptBuildPhase;
			buildActionMask = 2147483647;
			files = (
			);
			inputFileListPaths = (
			);
			inputPaths = (
			);
			outputFileListPaths = (
			);
			outputPaths = (
			);
			runOnlyForDeploymentPostprocessing = 0;
			shellPath = /bin/sh;
			shellScript = "# Type a script or drag a script file from your workspace to insert its path.\n\n\n";
		};
/* End PBXShellScriptBuildPhase section */

/* Begin PBXSourcesBuildPhase section */
		007AC1B228E1F7E600F1A8E5 /* Sources */ = {
			isa = PBXSourcesBuildPhase;
			buildActionMask = 2147483647;
			files = (
				00CF92BE28F71614002CE4A8 /* SearchView.swift in Sources */,
				007AC1D628E4B8D700F1A8E5 /* HomeView.swift in Sources */,
				00585EDB2900460D00BD3D6C /* SectionView.swift in Sources */,
				00F2C7DD290075A100F43A45 /* ListRow.swift in Sources */,
				00585EDD2900525100BD3D6C /* PlayView.swift in Sources */,
				00CF92B528F093C7002CE4A8 /* CourseView.swift in Sources */,
				007AC1C828E2089C00F1A8E5 /* ContentView.swift in Sources */,
				007AC1BA28E1F7E600F1A8E5 /* SwiftUIPractice1App.swift in Sources */,
				00585ED528FFA9EE00BD3D6C /* CircularView.swift in Sources */,
				00585ECF28FF217C00BD3D6C /* Address.swift in Sources */,
				007AC1D228E3741A00F1A8E5 /* TabBar.swift in Sources */,
				00585ECD28FF03F300BD3D6C /* AvatarView.swift in Sources */,
				00F2C7D929006C9200F43A45 /* HandbookItem.swift in Sources */,
				00CF931B28F88DB1002CE4A8 /* Tab.swift in Sources */,
				007AC1CA28E2273B00F1A8E5 /* Styles.swift in Sources */,
				00F2C7D3290061C800F43A45 /* ExploreView.swift in Sources */,
				00CF92A928EDD3A0002CE4A8 /* NavigationBar.swift in Sources */,
				00F2C7D729006C4F00F43A45 /* Handbook.swift in Sources */,
				00CF92C428F7B5A1002CE4A8 /* AngularButtonStyle.swift in Sources */,
				00F2C7E52901050B00F43A45 /* NotificationView.swift in Sources */,
				00F2C7E92901079900F43A45 /* CertificateView.swift in Sources */,
				00CF931928F88DB1002CE4A8 /* PreferenceKeys.swift in Sources */,
				007AC1CC28E2A3A100F1A8E5 /* AccountView.swift in Sources */,
				00F2C7E7290106E100F43A45 /* LibraryView.swift in Sources */,
				00585ED728FFAD7500BD3D6C /* CourseSection.swift in Sources */,
				00585ED128FF25B700BD3D6C /* Coin.swift in Sources */,
				00F2C7D5290062B700F43A45 /* SmallCourseItem.swift in Sources */,
				00CF92CA28F865E1002CE4A8 /* SignInView.swift in Sources */,
				007AC1CE28E34EBC00F1A8E5 /* HexagonView.swift in Sources */,
				00CF92B328F09272002CE4A8 /* CourseItem.swift in Sources */,
				00CF92A728EDD19B002CE4A8 /* FeaturedItem.swift in Sources */,
				00CF92C228F73AD9002CE4A8 /* SignUpView.swift in Sources */,
				00CF931828F88DB1002CE4A8 /* Suggestion.swift in Sources */,
				00585ED929003A7100BD3D6C /* SectionRow.swift in Sources */,
				00CF92BA28F5B367002CE4A8 /* Animations.swift in Sources */,
				00CF92C628F858FA002CE4A8 /* InputStyle.swift in Sources */,
				007AC1D028E35F6D00F1A8E5 /* BlobView.swift in Sources */,
				00F2C7DB2900756700F43A45 /* Topic.swift in Sources */,
				00CF931728F88DB1002CE4A8 /* Model.swift in Sources */,
				00CF931A28F88DB1002CE4A8 /* Course.swift in Sources */,
				00CF92AD28EDFB64002CE4A8 /* AnimatableFontModifier.swift in Sources */,
				00CF92C828F864F3002CE4A8 /* ModalView.swift in Sources */,
			);
			runOnlyForDeploymentPostprocessing = 0;
		};
/* End PBXSourcesBuildPhase section */

/* Begin XCBuildConfiguration section */
		007AC1C228E1F7E700F1A8E5 /* Debug */ = {
			isa = XCBuildConfiguration;
			buildSettings = {
				ALWAYS_SEARCH_USER_PATHS = NO;
				CLANG_ANALYZER_NONNULL = YES;
				CLANG_ANALYZER_NUMBER_OBJECT_CONVERSION = YES_AGGRESSIVE;
				CLANG_CXX_LANGUAGE_STANDARD = "gnu++17";
				CLANG_ENABLE_MODULES = YES;
				CLANG_ENABLE_OBJC_ARC = YES;
				CLANG_ENABLE_OBJC_WEAK = YES;
				CLANG_WARN_BLOCK_CAPTURE_AUTORELEASING = YES;
				CLANG_WARN_BOOL_CONVERSION = YES;
				CLANG_WARN_COMMA = YES;
				CLANG_WARN_CONSTANT_CONVERSION = YES;
				CLANG_WARN_DEPRECATED_OBJC_IMPLEMENTATIONS = YES;
				CLANG_WARN_DIRECT_OBJC_ISA_USAGE = YES_ERROR;
				CLANG_WARN_DOCUMENTATION_COMMENTS = YES;
				CLANG_WARN_EMPTY_BODY = YES;
				CLANG_WARN_ENUM_CONVERSION = YES;
				CLANG_WARN_INFINITE_RECURSION = YES;
				CLANG_WARN_INT_CONVERSION = YES;
				CLANG_WARN_NON_LITERAL_NULL_CONVERSION = YES;
				CLANG_WARN_OBJC_IMPLICIT_RETAIN_SELF = YES;
				CLANG_WARN_OBJC_LITERAL_CONVERSION = YES;
				CLANG_WARN_OBJC_ROOT_CLASS = YES_ERROR;
				CLANG_WARN_QUOTED_INCLUDE_IN_FRAMEWORK_HEADER = YES;
				CLANG_WARN_RANGE_LOOP_ANALYSIS = YES;
				CLANG_WARN_STRICT_PROTOTYPES = YES;
				CLANG_WARN_SUSPICIOUS_MOVE = YES;
				CLANG_WARN_UNGUARDED_AVAILABILITY = YES_AGGRESSIVE;
				CLANG_WARN_UNREACHABLE_CODE = YES;
				CLANG_WARN__DUPLICATE_METHOD_MATCH = YES;
				COPY_PHASE_STRIP = NO;
				DEBUG_INFORMATION_FORMAT = dwarf;
				ENABLE_STRICT_OBJC_MSGSEND = YES;
				ENABLE_TESTABILITY = YES;
				GCC_C_LANGUAGE_STANDARD = gnu11;
				GCC_DYNAMIC_NO_PIC = NO;
				GCC_NO_COMMON_BLOCKS = YES;
				GCC_OPTIMIZATION_LEVEL = 0;
				GCC_PREPROCESSOR_DEFINITIONS = (
					"DEBUG=1",
					"$(inherited)",
				);
				GCC_WARN_64_TO_32_BIT_CONVERSION = YES;
				GCC_WARN_ABOUT_RETURN_TYPE = YES_ERROR;
				GCC_WARN_UNDECLARED_SELECTOR = YES;
				GCC_WARN_UNINITIALIZED_AUTOS = YES_AGGRESSIVE;
				GCC_WARN_UNUSED_FUNCTION = YES;
				GCC_WARN_UNUSED_VARIABLE = YES;
				IPHONEOS_DEPLOYMENT_TARGET = 15.5;
				MTL_ENABLE_DEBUG_INFO = INCLUDE_SOURCE;
				MTL_FAST_MATH = YES;
				ONLY_ACTIVE_ARCH = YES;
				SDKROOT = iphoneos;
				SWIFT_ACTIVE_COMPILATION_CONDITIONS = DEBUG;
				SWIFT_OPTIMIZATION_LEVEL = "-Onone";
			};
			name = Debug;
		};
		007AC1C328E1F7E700F1A8E5 /* Release */ = {
			isa = XCBuildConfiguration;
			buildSettings = {
				ALWAYS_SEARCH_USER_PATHS = NO;
				CLANG_ANALYZER_NONNULL = YES;
				CLANG_ANALYZER_NUMBER_OBJECT_CONVERSION = YES_AGGRESSIVE;
				CLANG_CXX_LANGUAGE_STANDARD = "gnu++17";
				CLANG_ENABLE_MODULES = YES;
				CLANG_ENABLE_OBJC_ARC = YES;
				CLANG_ENABLE_OBJC_WEAK = YES;
				CLANG_WARN_BLOCK_CAPTURE_AUTORELEASING = YES;
				CLANG_WARN_BOOL_CONVERSION = YES;
				CLANG_WARN_COMMA = YES;
				CLANG_WARN_CONSTANT_CONVERSION = YES;
				CLANG_WARN_DEPRECATED_OBJC_IMPLEMENTATIONS = YES;
				CLANG_WARN_DIRECT_OBJC_ISA_USAGE = YES_ERROR;
				CLANG_WARN_DOCUMENTATION_COMMENTS = YES;
				CLANG_WARN_EMPTY_BODY = YES;
				CLANG_WARN_ENUM_CONVERSION = YES;
				CLANG_WARN_INFINITE_RECURSION = YES;
				CLANG_WARN_INT_CONVERSION = YES;
				CLANG_WARN_NON_LITERAL_NULL_CONVERSION = YES;
				CLANG_WARN_OBJC_IMPLICIT_RETAIN_SELF = YES;
				CLANG_WARN_OBJC_LITERAL_CONVERSION = YES;
				CLANG_WARN_OBJC_ROOT_CLASS = YES_ERROR;
				CLANG_WARN_QUOTED_INCLUDE_IN_FRAMEWORK_HEADER = YES;
				CLANG_WARN_RANGE_LOOP_ANALYSIS = YES;
				CLANG_WARN_STRICT_PROTOTYPES = YES;
				CLANG_WARN_SUSPICIOUS_MOVE = YES;
				CLANG_WARN_UNGUARDED_AVAILABILITY = YES_AGGRESSIVE;
				CLANG_WARN_UNREACHABLE_CODE = YES;
				CLANG_WARN__DUPLICATE_METHOD_MATCH = YES;
				COPY_PHASE_STRIP = NO;
				DEBUG_INFORMATION_FORMAT = "dwarf-with-dsym";
				ENABLE_NS_ASSERTIONS = NO;
				ENABLE_STRICT_OBJC_MSGSEND = YES;
				GCC_C_LANGUAGE_STANDARD = gnu11;
				GCC_NO_COMMON_BLOCKS = YES;
				GCC_WARN_64_TO_32_BIT_CONVERSION = YES;
				GCC_WARN_ABOUT_RETURN_TYPE = YES_ERROR;
				GCC_WARN_UNDECLARED_SELECTOR = YES;
				GCC_WARN_UNINITIALIZED_AUTOS = YES_AGGRESSIVE;
				GCC_WARN_UNUSED_FUNCTION = YES;
				GCC_WARN_UNUSED_VARIABLE = YES;
				IPHONEOS_DEPLOYMENT_TARGET = 15.5;
				MTL_ENABLE_DEBUG_INFO = NO;
				MTL_FAST_MATH = YES;
				SDKROOT = iphoneos;
				SWIFT_COMPILATION_MODE = wholemodule;
				SWIFT_OPTIMIZATION_LEVEL = "-O";
				VALIDATE_PRODUCT = YES;
			};
			name = Release;
		};
		007AC1C528E1F7E700F1A8E5 /* Debug */ = {
			isa = XCBuildConfiguration;
			buildSettings = {
				ASSETCATALOG_COMPILER_APPICON_NAME = AppIcon;
				ASSETCATALOG_COMPILER_GLOBAL_ACCENT_COLOR_NAME = AccentColor;
				CODE_SIGN_STYLE = Automatic;
				CURRENT_PROJECT_VERSION = 1;
				DEVELOPMENT_ASSET_PATHS = "\"SwiftUIPractice1/Preview Content\"";
				ENABLE_PREVIEWS = YES;
				GENERATE_INFOPLIST_FILE = YES;
				INFOPLIST_FILE = SwiftUIPractice1/Info.plist;
				INFOPLIST_KEY_UIApplicationSceneManifest_Generation = YES;
				INFOPLIST_KEY_UIApplicationSupportsIndirectInputEvents = YES;
				INFOPLIST_KEY_UILaunchScreen_Generation = YES;
				INFOPLIST_KEY_UISupportedInterfaceOrientations_iPad = "UIInterfaceOrientationPortrait UIInterfaceOrientationPortraitUpsideDown UIInterfaceOrientationLandscapeLeft UIInterfaceOrientationLandscapeRight";
				INFOPLIST_KEY_UISupportedInterfaceOrientations_iPhone = "UIInterfaceOrientationPortrait UIInterfaceOrientationLandscapeLeft UIInterfaceOrientationLandscapeRight";
				LD_RUNPATH_SEARCH_PATHS = (
					"$(inherited)",
					"@executable_path/Frameworks",
				);
				MARKETING_VERSION = 1.0;
				PRODUCT_BUNDLE_IDENTIFIER = com.samarghourab.SwiftUIPractice1;
				PRODUCT_NAME = "$(TARGET_NAME)";
				SWIFT_EMIT_LOC_STRINGS = YES;
				SWIFT_VERSION = 5.0;
				TARGETED_DEVICE_FAMILY = "1,2";
			};
			name = Debug;
		};
		007AC1C628E1F7E700F1A8E5 /* Release */ = {
			isa = XCBuildConfiguration;
			buildSettings = {
				ASSETCATALOG_COMPILER_APPICON_NAME = AppIcon;
				ASSETCATALOG_COMPILER_GLOBAL_ACCENT_COLOR_NAME = AccentColor;
				CODE_SIGN_STYLE = Automatic;
				CURRENT_PROJECT_VERSION = 1;
				DEVELOPMENT_ASSET_PATHS = "\"SwiftUIPractice1/Preview Content\"";
				ENABLE_PREVIEWS = YES;
				GENERATE_INFOPLIST_FILE = YES;
				INFOPLIST_FILE = SwiftUIPractice1/Info.plist;
				INFOPLIST_KEY_UIApplicationSceneManifest_Generation = YES;
				INFOPLIST_KEY_UIApplicationSupportsIndirectInputEvents = YES;
				INFOPLIST_KEY_UILaunchScreen_Generation = YES;
				INFOPLIST_KEY_UISupportedInterfaceOrientations_iPad = "UIInterfaceOrientationPortrait UIInterfaceOrientationPortraitUpsideDown UIInterfaceOrientationLandscapeLeft UIInterfaceOrientationLandscapeRight";
				INFOPLIST_KEY_UISupportedInterfaceOrientations_iPhone = "UIInterfaceOrientationPortrait UIInterfaceOrientationLandscapeLeft UIInterfaceOrientationLandscapeRight";
				LD_RUNPATH_SEARCH_PATHS = (
					"$(inherited)",
					"@executable_path/Frameworks",
				);
				MARKETING_VERSION = 1.0;
				PRODUCT_BUNDLE_IDENTIFIER = com.samarghourab.SwiftUIPractice1;
				PRODUCT_NAME = "$(TARGET_NAME)";
				SWIFT_EMIT_LOC_STRINGS = YES;
				SWIFT_VERSION = 5.0;
				TARGETED_DEVICE_FAMILY = "1,2";
			};
			name = Release;
		};
/* End XCBuildConfiguration section */

/* Begin XCConfigurationList section */
		007AC1B128E1F7E600F1A8E5 /* Build configuration list for PBXProject "SwiftUIPractice1" */ = {
			isa = XCConfigurationList;
			buildConfigurations = (
				007AC1C228E1F7E700F1A8E5 /* Debug */,
				007AC1C328E1F7E700F1A8E5 /* Release */,
			);
			defaultConfigurationIsVisible = 0;
			defaultConfigurationName = Release;
		};
		007AC1C428E1F7E700F1A8E5 /* Build configuration list for PBXNativeTarget "SwiftUIPractice1" */ = {
			isa = XCConfigurationList;
			buildConfigurations = (
				007AC1C528E1F7E700F1A8E5 /* Debug */,
				007AC1C628E1F7E700F1A8E5 /* Release */,
			);
			defaultConfigurationIsVisible = 0;
			defaultConfigurationName = Release;
		};
/* End XCConfigurationList section */
	};
	rootObject = 007AC1AE28E1F7E600F1A8E5 /* Project object */;
}
